
Microsoft Visual Studio Solution File, Format Version 12.00
# Visual Studio Version 17
VisualStudioVersion = 17.4.33122.133
MinimumVisualStudioVersion = 10.0.40219.1
Project("{FAE04EC0-301F-11D3-BF4B-00C04F79EFBC}") = "mhtest", "mhtest\mhtest.csproj", "{17943D89-8401-466F-8A36-C4B773F2C308}"
EndProject
Global
	GlobalSection(SolutionConfigurationPlatforms) = preSolution
		Debug|Any CPU = Debug|Any CPU
		Release|Any CPU = Release|Any CPU
	EndGlobalSection
	GlobalSection(ProjectConfigurationPlatforms) = postSolution
		{17943D89-8401-466F-8A36-C4B773F2C308}.Debug|Any CPU.ActiveCfg = Debug|Any CPU
		{17943D89-8401-466F-8A36-C4B773F2C308}.Debug|Any CPU.Build.0 = Debug|Any CPU
		{17943D89-8401-466F-8A36-C4B773F2C308}.Release|Any CPU.ActiveCfg = Release|Any CPU
		{17943D89-8401-466F-8A36-C4B773F2C308}.Release|Any CPU.Build.0 = Release|Any CPU
	EndGlobalSection
	GlobalSection(SolutionProperties) = preSolution
		HideSolutionNode = FALSE
	EndGlobalSection
	GlobalSection(ExtensibilityGlobals) = postSolution
		SolutionGuid = {C463F92C-2E14-420F-8846-B0180D251237}
	EndGlobalSection
EndGlobal
